// !$*UTF8*$!
{
	archiveVersion = 1;
	classes = {
	};
	objectVersion = 55;
	objects = {

/* Begin PBXBuildFile section */
		635E563F28778B0D00246F6A /* AppDelegate.swift in Sources */ = {isa = PBXBuildFile; fileRef = 635E563E28778B0D00246F6A /* AppDelegate.swift */; };
		635E564128778B0D00246F6A /* SceneDelegate.swift in Sources */ = {isa = PBXBuildFile; fileRef = 635E564028778B0D00246F6A /* SceneDelegate.swift */; };
		635E564328778B0D00246F6A /* TranscriptionViewController.swift in Sources */ = {isa = PBXBuildFile; fileRef = 635E564228778B0D00246F6A /* TranscriptionViewController.swift */; };
		635E564628778B0D00246F6A /* Main.storyboard in Resources */ = {isa = PBXBuildFile; fileRef = 635E564428778B0D00246F6A /* Main.storyboard */; };
		635E564828778B0E00246F6A /* Assets.xcassets in Resources */ = {isa = PBXBuildFile; fileRef = 635E564728778B0E00246F6A /* Assets.xcassets */; };
		635E564B28778B0E00246F6A /* LaunchScreen.storyboard in Resources */ = {isa = PBXBuildFile; fileRef = 635E564928778B0E00246F6A /* LaunchScreen.storyboard */; };
		635E565628778B0E00246F6A /* RileySpeechToTextTests.swift in Sources */ = {isa = PBXBuildFile; fileRef = 635E565528778B0E00246F6A /* RileySpeechToTextTests.swift */; };
		635E566028778B0E00246F6A /* RileySpeechToTextUITests.swift in Sources */ = {isa = PBXBuildFile; fileRef = 635E565F28778B0E00246F6A /* RileySpeechToTextUITests.swift */; };
		635E566228778B0E00246F6A /* RileySpeechToTextUITestsLaunchTests.swift in Sources */ = {isa = PBXBuildFile; fileRef = 635E566128778B0E00246F6A /* RileySpeechToTextUITestsLaunchTests.swift */; };
		635E567228778E1000246F6A /* TranscriptionViewModel.swift in Sources */ = {isa = PBXBuildFile; fileRef = 635E567128778E1000246F6A /* TranscriptionViewModel.swift */; };
		635E567728778E4200246F6A /* TranscriptionService.swift in Sources */ = {isa = PBXBuildFile; fileRef = 635E567628778E4200246F6A /* TranscriptionService.swift */; };
		635E567A2877B89600246F6A /* TranscriptionCell.swift in Sources */ = {isa = PBXBuildFile; fileRef = 635E56792877B89600246F6A /* TranscriptionCell.swift */; };
		68727F61F560E1662C0BF883 /* Pods_RileySpeechToTextTests.framework in Frameworks */ = {isa = PBXBuildFile; fileRef = 821AAB3C00715C928D24B2F3 /* Pods_RileySpeechToTextTests.framework */; };
		9DBC4ED3751EA78D2C361C4E /* Pods_RileySpeechToText_RileySpeechToTextUITests.framework in Frameworks */ = {isa = PBXBuildFile; fileRef = E74564181434875D5C9FF93E /* Pods_RileySpeechToText_RileySpeechToTextUITests.framework */; };
		EB7A6D810358B74215915D54 /* Pods_RileySpeechToText.framework in Frameworks */ = {isa = PBXBuildFile; fileRef = 1C094C908DF57075BE61ED8D /* Pods_RileySpeechToText.framework */; };
/* End PBXBuildFile section */

/* Begin PBXContainerItemProxy section */
		635E565228778B0E00246F6A /* PBXContainerItemProxy */ = {
			isa = PBXContainerItemProxy;
			containerPortal = 635E563328778B0C00246F6A /* Project object */;
			proxyType = 1;
			remoteGlobalIDString = 635E563A28778B0C00246F6A;
			remoteInfo = RileySpeechToText;
		};
		635E565C28778B0E00246F6A /* PBXContainerItemProxy */ = {
			isa = PBXContainerItemProxy;
			containerPortal = 635E563328778B0C00246F6A /* Project object */;
			proxyType = 1;
			remoteGlobalIDString = 635E563A28778B0C00246F6A;
			remoteInfo = RileySpeechToText;
		};
/* End PBXContainerItemProxy section */

/* Begin PBXFileReference section */
		1C094C908DF57075BE61ED8D /* Pods_RileySpeechToText.framework */ = {isa = PBXFileReference; explicitFileType = wrapper.framework; includeInIndex = 0; path = Pods_RileySpeechToText.framework; sourceTree = BUILT_PRODUCTS_DIR; };
		417FE5CBCAD72D17DF5B408B /* Pods-RileySpeechToText-RileySpeechToTextUITests.release.xcconfig */ = {isa = PBXFileReference; includeInIndex = 1; lastKnownFileType = text.xcconfig; name = "Pods-RileySpeechToText-RileySpeechToTextUITests.release.xcconfig"; path = "Target Support Files/Pods-RileySpeechToText-RileySpeechToTextUITests/Pods-RileySpeechToText-RileySpeechToTextUITests.release.xcconfig"; sourceTree = "<group>"; };
		635E563B28778B0D00246F6A /* RileySpeechToText.app */ = {isa = PBXFileReference; explicitFileType = wrapper.application; includeInIndex = 0; path = RileySpeechToText.app; sourceTree = BUILT_PRODUCTS_DIR; };
		635E563E28778B0D00246F6A /* AppDelegate.swift */ = {isa = PBXFileReference; lastKnownFileType = sourcecode.swift; path = AppDelegate.swift; sourceTree = "<group>"; };
		635E564028778B0D00246F6A /* SceneDelegate.swift */ = {isa = PBXFileReference; lastKnownFileType = sourcecode.swift; path = SceneDelegate.swift; sourceTree = "<group>"; };
		635E564228778B0D00246F6A /* TranscriptionViewController.swift */ = {isa = PBXFileReference; lastKnownFileType = sourcecode.swift; path = TranscriptionViewController.swift; sourceTree = "<group>"; };
		635E564528778B0D00246F6A /* Base */ = {isa = PBXFileReference; lastKnownFileType = file.storyboard; name = Base; path = Base.lproj/Main.storyboard; sourceTree = "<group>"; };
		635E564728778B0E00246F6A /* Assets.xcassets */ = {isa = PBXFileReference; lastKnownFileType = folder.assetcatalog; path = Assets.xcassets; sourceTree = "<group>"; };
		635E564A28778B0E00246F6A /* Base */ = {isa = PBXFileReference; lastKnownFileType = file.storyboard; name = Base; path = Base.lproj/LaunchScreen.storyboard; sourceTree = "<group>"; };
		635E564C28778B0E00246F6A /* Info.plist */ = {isa = PBXFileReference; lastKnownFileType = text.plist.xml; path = Info.plist; sourceTree = "<group>"; };
		635E565128778B0E00246F6A /* RileySpeechToTextTests.xctest */ = {isa = PBXFileReference; explicitFileType = wrapper.cfbundle; includeInIndex = 0; path = RileySpeechToTextTests.xctest; sourceTree = BUILT_PRODUCTS_DIR; };
		635E565528778B0E00246F6A /* RileySpeechToTextTests.swift */ = {isa = PBXFileReference; lastKnownFileType = sourcecode.swift; path = RileySpeechToTextTests.swift; sourceTree = "<group>"; };
		635E565B28778B0E00246F6A /* RileySpeechToTextUITests.xctest */ = {isa = PBXFileReference; explicitFileType = wrapper.cfbundle; includeInIndex = 0; path = RileySpeechToTextUITests.xctest; sourceTree = BUILT_PRODUCTS_DIR; };
		635E565F28778B0E00246F6A /* RileySpeechToTextUITests.swift */ = {isa = PBXFileReference; lastKnownFileType = sourcecode.swift; path = RileySpeechToTextUITests.swift; sourceTree = "<group>"; };
		635E566128778B0E00246F6A /* RileySpeechToTextUITestsLaunchTests.swift */ = {isa = PBXFileReference; lastKnownFileType = sourcecode.swift; path = RileySpeechToTextUITestsLaunchTests.swift; sourceTree = "<group>"; };
		635E567128778E1000246F6A /* TranscriptionViewModel.swift */ = {isa = PBXFileReference; lastKnownFileType = sourcecode.swift; path = TranscriptionViewModel.swift; sourceTree = "<group>"; };
		635E567628778E4200246F6A /* TranscriptionService.swift */ = {isa = PBXFileReference; lastKnownFileType = sourcecode.swift; path = TranscriptionService.swift; sourceTree = "<group>"; };
		635E56792877B89600246F6A /* TranscriptionCell.swift */ = {isa = PBXFileReference; lastKnownFileType = sourcecode.swift; path = TranscriptionCell.swift; sourceTree = "<group>"; };
		821AAB3C00715C928D24B2F3 /* Pods_RileySpeechToTextTests.framework */ = {isa = PBXFileReference; explicitFileType = wrapper.framework; includeInIndex = 0; path = Pods_RileySpeechToTextTests.framework; sourceTree = BUILT_PRODUCTS_DIR; };
		A011B1B4BF834555163E87F5 /* Pods-RileySpeechToTextTests.release.xcconfig */ = {isa = PBXFileReference; includeInIndex = 1; lastKnownFileType = text.xcconfig; name = "Pods-RileySpeechToTextTests.release.xcconfig"; path = "Target Support Files/Pods-RileySpeechToTextTests/Pods-RileySpeechToTextTests.release.xcconfig"; sourceTree = "<group>"; };
		AF0C3BDDAC9535A875B21FDD /* Pods-RileySpeechToText.release.xcconfig */ = {isa = PBXFileReference; includeInIndex = 1; lastKnownFileType = text.xcconfig; name = "Pods-RileySpeechToText.release.xcconfig"; path = "Target Support Files/Pods-RileySpeechToText/Pods-RileySpeechToText.release.xcconfig"; sourceTree = "<group>"; };
		C964A72A62FE4B9F4FC959A8 /* Pods-RileySpeechToText.debug.xcconfig */ = {isa = PBXFileReference; includeInIndex = 1; lastKnownFileType = text.xcconfig; name = "Pods-RileySpeechToText.debug.xcconfig"; path = "Target Support Files/Pods-RileySpeechToText/Pods-RileySpeechToText.debug.xcconfig"; sourceTree = "<group>"; };
		CB9911F53D7D84CCCFC2D8CD /* Pods-RileySpeechToTextTests.debug.xcconfig */ = {isa = PBXFileReference; includeInIndex = 1; lastKnownFileType = text.xcconfig; name = "Pods-RileySpeechToTextTests.debug.xcconfig"; path = "Target Support Files/Pods-RileySpeechToTextTests/Pods-RileySpeechToTextTests.debug.xcconfig"; sourceTree = "<group>"; };
		E74564181434875D5C9FF93E /* Pods_RileySpeechToText_RileySpeechToTextUITests.framework */ = {isa = PBXFileReference; explicitFileType = wrapper.framework; includeInIndex = 0; path = Pods_RileySpeechToText_RileySpeechToTextUITests.framework; sourceTree = BUILT_PRODUCTS_DIR; };
		F0A00D9B1E55481D15EF7879 /* Pods-RileySpeechToText-RileySpeechToTextUITests.debug.xcconfig */ = {isa = PBXFileReference; includeInIndex = 1; lastKnownFileType = text.xcconfig; name = "Pods-RileySpeechToText-RileySpeechToTextUITests.debug.xcconfig"; path = "Target Support Files/Pods-RileySpeechToText-RileySpeechToTextUITests/Pods-RileySpeechToText-RileySpeechToTextUITests.debug.xcconfig"; sourceTree = "<group>"; };
/* End PBXFileReference section */

/* Begin PBXFrameworksBuildPhase section */
		635E563828778B0C00246F6A /* Frameworks */ = {
			isa = PBXFrameworksBuildPhase;
			buildActionMask = 2147483647;
			files = (
				EB7A6D810358B74215915D54 /* Pods_RileySpeechToText.framework in Frameworks */,
			);
			runOnlyForDeploymentPostprocessing = 0;
		};
		635E564E28778B0E00246F6A /* Frameworks */ = {
			isa = PBXFrameworksBuildPhase;
			buildActionMask = 2147483647;
			files = (
				68727F61F560E1662C0BF883 /* Pods_RileySpeechToTextTests.framework in Frameworks */,
			);
			runOnlyForDeploymentPostprocessing = 0;
		};
		635E565828778B0E00246F6A /* Frameworks */ = {
			isa = PBXFrameworksBuildPhase;
			buildActionMask = 2147483647;
			files = (
				9DBC4ED3751EA78D2C361C4E /* Pods_RileySpeechToText_RileySpeechToTextUITests.framework in Frameworks */,
			);
			runOnlyForDeploymentPostprocessing = 0;
		};
/* End PBXFrameworksBuildPhase section */

/* Begin PBXGroup section */
		635E563228778B0C00246F6A = {
			isa = PBXGroup;
			children = (
				635E563D28778B0D00246F6A /* RileySpeechToText */,
				635E565428778B0E00246F6A /* RileySpeechToTextTests */,
				635E565E28778B0E00246F6A /* RileySpeechToTextUITests */,
				635E563C28778B0D00246F6A /* Products */,
				687B180CFA74BD4F4BBFCA17 /* Pods */,
				B2C9B5E796538349BF69EFA9 /* Frameworks */,
			);
			sourceTree = "<group>";
		};
		635E563C28778B0D00246F6A /* Products */ = {
			isa = PBXGroup;
			children = (
				635E563B28778B0D00246F6A /* RileySpeechToText.app */,
				635E565128778B0E00246F6A /* RileySpeechToTextTests.xctest */,
				635E565B28778B0E00246F6A /* RileySpeechToTextUITests.xctest */,
			);
			name = Products;
			sourceTree = "<group>";
		};
		635E563D28778B0D00246F6A /* RileySpeechToText */ = {
			isa = PBXGroup;
			children = (
				635E567528778E2D00246F6A /* Services */,
				635E567B2877BA4900246F6A /* Scenes */,
				635E563E28778B0D00246F6A /* AppDelegate.swift */,
				635E564028778B0D00246F6A /* SceneDelegate.swift */,
				635E564428778B0D00246F6A /* Main.storyboard */,
				635E564728778B0E00246F6A /* Assets.xcassets */,
				635E564928778B0E00246F6A /* LaunchScreen.storyboard */,
				635E564C28778B0E00246F6A /* Info.plist */,
			);
			path = RileySpeechToText;
			sourceTree = "<group>";
		};
		635E565428778B0E00246F6A /* RileySpeechToTextTests */ = {
			isa = PBXGroup;
			children = (
				635E565528778B0E00246F6A /* RileySpeechToTextTests.swift */,
			);
			path = RileySpeechToTextTests;
			sourceTree = "<group>";
		};
		635E565E28778B0E00246F6A /* RileySpeechToTextUITests */ = {
			isa = PBXGroup;
			children = (
				635E565F28778B0E00246F6A /* RileySpeechToTextUITests.swift */,
				635E566128778B0E00246F6A /* RileySpeechToTextUITestsLaunchTests.swift */,
			);
			path = RileySpeechToTextUITests;
			sourceTree = "<group>";
		};
		635E567328778E1500246F6A /* ViewControllers */ = {
			isa = PBXGroup;
			children = (
				635E564228778B0D00246F6A /* TranscriptionViewController.swift */,
			);
			path = ViewControllers;
			sourceTree = "<group>";
		};
		635E567428778E2100246F6A /* ViewModels */ = {
			isa = PBXGroup;
			children = (
				635E567128778E1000246F6A /* TranscriptionViewModel.swift */,
			);
			path = ViewModels;
			sourceTree = "<group>";
		};
		635E567528778E2D00246F6A /* Services */ = {
			isa = PBXGroup;
			children = (
				635E567628778E4200246F6A /* TranscriptionService.swift */,
			);
			path = Services;
			sourceTree = "<group>";
		};
		635E56782877B7CD00246F6A /* Cells */ = {
			isa = PBXGroup;
			children = (
				635E56792877B89600246F6A /* TranscriptionCell.swift */,
			);
			path = Cells;
			sourceTree = "<group>";
		};
		635E567B2877BA4900246F6A /* Scenes */ = {
			isa = PBXGroup;
			children = (
				635E567C2877BA5000246F6A /* Transcription */,
			);
			path = Scenes;
			sourceTree = "<group>";
		};
		635E567C2877BA5000246F6A /* Transcription */ = {
			isa = PBXGroup;
			children = (
				635E567328778E1500246F6A /* ViewControllers */,
				635E567428778E2100246F6A /* ViewModels */,
				635E56782877B7CD00246F6A /* Cells */,
			);
			path = Transcription;
			sourceTree = "<group>";
		};
		687B180CFA74BD4F4BBFCA17 /* Pods */ = {
			isa = PBXGroup;
			children = (
				C964A72A62FE4B9F4FC959A8 /* Pods-RileySpeechToText.debug.xcconfig */,
				AF0C3BDDAC9535A875B21FDD /* Pods-RileySpeechToText.release.xcconfig */,
				F0A00D9B1E55481D15EF7879 /* Pods-RileySpeechToText-RileySpeechToTextUITests.debug.xcconfig */,
				417FE5CBCAD72D17DF5B408B /* Pods-RileySpeechToText-RileySpeechToTextUITests.release.xcconfig */,
				CB9911F53D7D84CCCFC2D8CD /* Pods-RileySpeechToTextTests.debug.xcconfig */,
				A011B1B4BF834555163E87F5 /* Pods-RileySpeechToTextTests.release.xcconfig */,
			);
			path = Pods;
			sourceTree = "<group>";
		};
		B2C9B5E796538349BF69EFA9 /* Frameworks */ = {
			isa = PBXGroup;
			children = (
				1C094C908DF57075BE61ED8D /* Pods_RileySpeechToText.framework */,
				E74564181434875D5C9FF93E /* Pods_RileySpeechToText_RileySpeechToTextUITests.framework */,
				821AAB3C00715C928D24B2F3 /* Pods_RileySpeechToTextTests.framework */,
			);
			name = Frameworks;
			sourceTree = "<group>";
		};
/* End PBXGroup section */

/* Begin PBXNativeTarget section */
		635E563A28778B0C00246F6A /* RileySpeechToText */ = {
			isa = PBXNativeTarget;
			buildConfigurationList = 635E566528778B0E00246F6A /* Build configuration list for PBXNativeTarget "RileySpeechToText" */;
			buildPhases = (
				F86E826F440DB43A686E3C94 /* [CP] Check Pods Manifest.lock */,
				635E563728778B0C00246F6A /* Sources */,
				635E563828778B0C00246F6A /* Frameworks */,
				635E563928778B0C00246F6A /* Resources */,
				F51539E641BB65D84F01D07F /* [CP] Embed Pods Frameworks */,
			);
			buildRules = (
			);
			dependencies = (
			);
			name = RileySpeechToText;
			productName = RileySpeechToText;
			productReference = 635E563B28778B0D00246F6A /* RileySpeechToText.app */;
			productType = "com.apple.product-type.application";
		};
		635E565028778B0E00246F6A /* RileySpeechToTextTests */ = {
			isa = PBXNativeTarget;
			buildConfigurationList = 635E566828778B0E00246F6A /* Build configuration list for PBXNativeTarget "RileySpeechToTextTests" */;
			buildPhases = (
				3E7BD93A00B790440D0887F1 /* [CP] Check Pods Manifest.lock */,
				635E564D28778B0E00246F6A /* Sources */,
				635E564E28778B0E00246F6A /* Frameworks */,
				635E564F28778B0E00246F6A /* Resources */,
			);
			buildRules = (
			);
			dependencies = (
				635E565328778B0E00246F6A /* PBXTargetDependency */,
			);
			name = RileySpeechToTextTests;
			productName = RileySpeechToTextTests;
			productReference = 635E565128778B0E00246F6A /* RileySpeechToTextTests.xctest */;
			productType = "com.apple.product-type.bundle.unit-test";
		};
		635E565A28778B0E00246F6A /* RileySpeechToTextUITests */ = {
			isa = PBXNativeTarget;
			buildConfigurationList = 635E566B28778B0E00246F6A /* Build configuration list for PBXNativeTarget "RileySpeechToTextUITests" */;
			buildPhases = (
				B70BA5B22F39E546461CF162 /* [CP] Check Pods Manifest.lock */,
				635E565728778B0E00246F6A /* Sources */,
				635E565828778B0E00246F6A /* Frameworks */,
				635E565928778B0E00246F6A /* Resources */,
				6E2FA01C794E8D31754766CF /* [CP] Embed Pods Frameworks */,
			);
			buildRules = (
			);
			dependencies = (
				635E565D28778B0E00246F6A /* PBXTargetDependency */,
			);
			name = RileySpeechToTextUITests;
			productName = RileySpeechToTextUITests;
			productReference = 635E565B28778B0E00246F6A /* RileySpeechToTextUITests.xctest */;
			productType = "com.apple.product-type.bundle.ui-testing";
		};
/* End PBXNativeTarget section */

/* Begin PBXProject section */
		635E563328778B0C00246F6A /* Project object */ = {
			isa = PBXProject;
			attributes = {
				BuildIndependentTargetsInParallel = 1;
				LastSwiftUpdateCheck = 1340;
				LastUpgradeCheck = 1340;
				TargetAttributes = {
					635E563A28778B0C00246F6A = {
						CreatedOnToolsVersion = 13.4.1;
					};
					635E565028778B0E00246F6A = {
						CreatedOnToolsVersion = 13.4.1;
						TestTargetID = 635E563A28778B0C00246F6A;
					};
					635E565A28778B0E00246F6A = {
						CreatedOnToolsVersion = 13.4.1;
						TestTargetID = 635E563A28778B0C00246F6A;
					};
				};
			};
			buildConfigurationList = 635E563628778B0C00246F6A /* Build configuration list for PBXProject "RileySpeechToText" */;
			compatibilityVersion = "Xcode 13.0";
			developmentRegion = en;
			hasScannedForEncodings = 0;
			knownRegions = (
				en,
				Base,
			);
			mainGroup = 635E563228778B0C00246F6A;
			productRefGroup = 635E563C28778B0D00246F6A /* Products */;
			projectDirPath = "";
			projectRoot = "";
			targets = (
				635E563A28778B0C00246F6A /* RileySpeechToText */,
				635E565028778B0E00246F6A /* RileySpeechToTextTests */,
				635E565A28778B0E00246F6A /* RileySpeechToTextUITests */,
			);
		};
/* End PBXProject section */

/* Begin PBXResourcesBuildPhase section */
		635E563928778B0C00246F6A /* Resources */ = {
			isa = PBXResourcesBuildPhase;
			buildActionMask = 2147483647;
			files = (
				635E564B28778B0E00246F6A /* LaunchScreen.storyboard in Resources */,
				635E564828778B0E00246F6A /* Assets.xcassets in Resources */,
				635E564628778B0D00246F6A /* Main.storyboard in Resources */,
			);
			runOnlyForDeploymentPostprocessing = 0;
		};
		635E564F28778B0E00246F6A /* Resources */ = {
			isa = PBXResourcesBuildPhase;
			buildActionMask = 2147483647;
			files = (
			);
			runOnlyForDeploymentPostprocessing = 0;
		};
		635E565928778B0E00246F6A /* Resources */ = {
			isa = PBXResourcesBuildPhase;
			buildActionMask = 2147483647;
			files = (
			);
			runOnlyForDeploymentPostprocessing = 0;
		};
/* End PBXResourcesBuildPhase section */

/* Begin PBXShellScriptBuildPhase section */
		3E7BD93A00B790440D0887F1 /* [CP] Check Pods Manifest.lock */ = {
			isa = PBXShellScriptBuildPhase;
			buildActionMask = 2147483647;
			files = (
			);
			inputFileListPaths = (
			);
			inputPaths = (
				"${PODS_PODFILE_DIR_PATH}/Podfile.lock",
				"${PODS_ROOT}/Manifest.lock",
			);
			name = "[CP] Check Pods Manifest.lock";
			outputFileListPaths = (
			);
			outputPaths = (
				"$(DERIVED_FILE_DIR)/Pods-RileySpeechToTextTests-checkManifestLockResult.txt",
			);
			runOnlyForDeploymentPostprocessing = 0;
			shellPath = /bin/sh;
			shellScript = "diff \"${PODS_PODFILE_DIR_PATH}/Podfile.lock\" \"${PODS_ROOT}/Manifest.lock\" > /dev/null\nif [ $? != 0 ] ; then\n    # print error to STDERR\n    echo \"error: The sandbox is not in sync with the Podfile.lock. Run 'pod install' or update your CocoaPods installation.\" >&2\n    exit 1\nfi\n# This output is used by Xcode 'outputs' to avoid re-running this script phase.\necho \"SUCCESS\" > \"${SCRIPT_OUTPUT_FILE_0}\"\n";
			showEnvVarsInLog = 0;
		};
		6E2FA01C794E8D31754766CF /* [CP] Embed Pods Frameworks */ = {
			isa = PBXShellScriptBuildPhase;
			buildActionMask = 2147483647;
			files = (
			);
			inputFileListPaths = (
				"${PODS_ROOT}/Target Support Files/Pods-RileySpeechToText-RileySpeechToTextUITests/Pods-RileySpeechToText-RileySpeechToTextUITests-frameworks-${CONFIGURATION}-input-files.xcfilelist",
			);
			name = "[CP] Embed Pods Frameworks";
			outputFileListPaths = (
				"${PODS_ROOT}/Target Support Files/Pods-RileySpeechToText-RileySpeechToTextUITests/Pods-RileySpeechToText-RileySpeechToTextUITests-frameworks-${CONFIGURATION}-output-files.xcfilelist",
			);
			runOnlyForDeploymentPostprocessing = 0;
			shellPath = /bin/sh;
			shellScript = "\"${PODS_ROOT}/Target Support Files/Pods-RileySpeechToText-RileySpeechToTextUITests/Pods-RileySpeechToText-RileySpeechToTextUITests-frameworks.sh\"\n";
			showEnvVarsInLog = 0;
		};
		B70BA5B22F39E546461CF162 /* [CP] Check Pods Manifest.lock */ = {
			isa = PBXShellScriptBuildPhase;
			buildActionMask = 2147483647;
			files = (
			);
			inputFileListPaths = (
			);
			inputPaths = (
				"${PODS_PODFILE_DIR_PATH}/Podfile.lock",
				"${PODS_ROOT}/Manifest.lock",
			);
			name = "[CP] Check Pods Manifest.lock";
			outputFileListPaths = (
			);
			outputPaths = (
				"$(DERIVED_FILE_DIR)/Pods-RileySpeechToText-RileySpeechToTextUITests-checkManifestLockResult.txt",
			);
			runOnlyForDeploymentPostprocessing = 0;
			shellPath = /bin/sh;
			shellScript = "diff \"${PODS_PODFILE_DIR_PATH}/Podfile.lock\" \"${PODS_ROOT}/Manifest.lock\" > /dev/null\nif [ $? != 0 ] ; then\n    # print error to STDERR\n    echo \"error: The sandbox is not in sync with the Podfile.lock. Run 'pod install' or update your CocoaPods installation.\" >&2\n    exit 1\nfi\n# This output is used by Xcode 'outputs' to avoid re-running this script phase.\necho \"SUCCESS\" > \"${SCRIPT_OUTPUT_FILE_0}\"\n";
			showEnvVarsInLog = 0;
		};
		F51539E641BB65D84F01D07F /* [CP] Embed Pods Frameworks */ = {
			isa = PBXShellScriptBuildPhase;
			buildActionMask = 2147483647;
			files = (
			);
			inputFileListPaths = (
				"${PODS_ROOT}/Target Support Files/Pods-RileySpeechToText/Pods-RileySpeechToText-frameworks-${CONFIGURATION}-input-files.xcfilelist",
			);
			name = "[CP] Embed Pods Frameworks";
			outputFileListPaths = (
				"${PODS_ROOT}/Target Support Files/Pods-RileySpeechToText/Pods-RileySpeechToText-frameworks-${CONFIGURATION}-output-files.xcfilelist",
			);
			runOnlyForDeploymentPostprocessing = 0;
			shellPath = /bin/sh;
			shellScript = "\"${PODS_ROOT}/Target Support Files/Pods-RileySpeechToText/Pods-RileySpeechToText-frameworks.sh\"\n";
			showEnvVarsInLog = 0;
		};
		F86E826F440DB43A686E3C94 /* [CP] Check Pods Manifest.lock */ = {
			isa = PBXShellScriptBuildPhase;
			buildActionMask = 2147483647;
			files = (
			);
			inputFileListPaths = (
			);
			inputPaths = (
				"${PODS_PODFILE_DIR_PATH}/Podfile.lock",
				"${PODS_ROOT}/Manifest.lock",
			);
			name = "[CP] Check Pods Manifest.lock";
			outputFileListPaths = (
			);
			outputPaths = (
				"$(DERIVED_FILE_DIR)/Pods-RileySpeechToText-checkManifestLockResult.txt",
			);
			runOnlyForDeploymentPostprocessing = 0;
			shellPath = /bin/sh;
			shellScript = "diff \"${PODS_PODFILE_DIR_PATH}/Podfile.lock\" \"${PODS_ROOT}/Manifest.lock\" > /dev/null\nif [ $? != 0 ] ; then\n    # print error to STDERR\n    echo \"error: The sandbox is not in sync with the Podfile.lock. Run 'pod install' or update your CocoaPods installation.\" >&2\n    exit 1\nfi\n# This output is used by Xcode 'outputs' to avoid re-running this script phase.\necho \"SUCCESS\" > \"${SCRIPT_OUTPUT_FILE_0}\"\n";
			showEnvVarsInLog = 0;
		};
/* End PBXShellScriptBuildPhase section */

/* Begin PBXSourcesBuildPhase section */
		635E563728778B0C00246F6A /* Sources */ = {
			isa = PBXSourcesBuildPhase;
			buildActionMask = 2147483647;
			files = (
				635E567728778E4200246F6A /* TranscriptionService.swift in Sources */,
				635E564328778B0D00246F6A /* TranscriptionViewController.swift in Sources */,
				635E567A2877B89600246F6A /* TranscriptionCell.swift in Sources */,
				635E563F28778B0D00246F6A /* AppDelegate.swift in Sources */,
				635E567228778E1000246F6A /* TranscriptionViewModel.swift in Sources */,
				635E564128778B0D00246F6A /* SceneDelegate.swift in Sources */,
			);
			runOnlyForDeploymentPostprocessing = 0;
		};
		635E564D28778B0E00246F6A /* Sources */ = {
			isa = PBXSourcesBuildPhase;
			buildActionMask = 2147483647;
			files = (
				635E565628778B0E00246F6A /* RileySpeechToTextTests.swift in Sources */,
			);
			runOnlyForDeploymentPostprocessing = 0;
		};
		635E565728778B0E00246F6A /* Sources */ = {
			isa = PBXSourcesBuildPhase;
			buildActionMask = 2147483647;
			files = (
				635E566228778B0E00246F6A /* RileySpeechToTextUITestsLaunchTests.swift in Sources */,
				635E566028778B0E00246F6A /* RileySpeechToTextUITests.swift in Sources */,
			);
			runOnlyForDeploymentPostprocessing = 0;
		};
/* End PBXSourcesBuildPhase section */

/* Begin PBXTargetDependency section */
		635E565328778B0E00246F6A /* PBXTargetDependency */ = {
			isa = PBXTargetDependency;
			target = 635E563A28778B0C00246F6A /* RileySpeechToText */;
			targetProxy = 635E565228778B0E00246F6A /* PBXContainerItemProxy */;
		};
		635E565D28778B0E00246F6A /* PBXTargetDependency */ = {
			isa = PBXTargetDependency;
			target = 635E563A28778B0C00246F6A /* RileySpeechToText */;
			targetProxy = 635E565C28778B0E00246F6A /* PBXContainerItemProxy */;
		};
/* End PBXTargetDependency section */

/* Begin PBXVariantGroup section */
		635E564428778B0D00246F6A /* Main.storyboard */ = {
			isa = PBXVariantGroup;
			children = (
				635E564528778B0D00246F6A /* Base */,
			);
			name = Main.storyboard;
			sourceTree = "<group>";
		};
		635E564928778B0E00246F6A /* LaunchScreen.storyboard */ = {
			isa = PBXVariantGroup;
			children = (
				635E564A28778B0E00246F6A /* Base */,
			);
			name = LaunchScreen.storyboard;
			sourceTree = "<group>";
		};
/* End PBXVariantGroup section */

/* Begin XCBuildConfiguration section */
		635E566328778B0E00246F6A /* Debug */ = {
			isa = XCBuildConfiguration;
			buildSettings = {
				ALWAYS_SEARCH_USER_PATHS = NO;
				CLANG_ANALYZER_NONNULL = YES;
				CLANG_ANALYZER_NUMBER_OBJECT_CONVERSION = YES_AGGRESSIVE;
				CLANG_CXX_LANGUAGE_STANDARD = "gnu++17";
				CLANG_ENABLE_MODULES = YES;
				CLANG_ENABLE_OBJC_ARC = YES;
				CLANG_ENABLE_OBJC_WEAK = YES;
				CLANG_WARN_BLOCK_CAPTURE_AUTORELEASING = YES;
				CLANG_WARN_BOOL_CONVERSION = YES;
				CLANG_WARN_COMMA = YES;
				CLANG_WARN_CONSTANT_CONVERSION = YES;
				CLANG_WARN_DEPRECATED_OBJC_IMPLEMENTATIONS = YES;
				CLANG_WARN_DIRECT_OBJC_ISA_USAGE = YES_ERROR;
				CLANG_WARN_DOCUMENTATION_COMMENTS = YES;
				CLANG_WARN_EMPTY_BODY = YES;
				CLANG_WARN_ENUM_CONVERSION = YES;
				CLANG_WARN_INFINITE_RECURSION = YES;
				CLANG_WARN_INT_CONVERSION = YES;
				CLANG_WARN_NON_LITERAL_NULL_CONVERSION = YES;
				CLANG_WARN_OBJC_IMPLICIT_RETAIN_SELF = YES;
				CLANG_WARN_OBJC_LITERAL_CONVERSION = YES;
				CLANG_WARN_OBJC_ROOT_CLASS = YES_ERROR;
				CLANG_WARN_QUOTED_INCLUDE_IN_FRAMEWORK_HEADER = YES;
				CLANG_WARN_RANGE_LOOP_ANALYSIS = YES;
				CLANG_WARN_STRICT_PROTOTYPES = YES;
				CLANG_WARN_SUSPICIOUS_MOVE = YES;
				CLANG_WARN_UNGUARDED_AVAILABILITY = YES_AGGRESSIVE;
				CLANG_WARN_UNREACHABLE_CODE = YES;
				CLANG_WARN__DUPLICATE_METHOD_MATCH = YES;
				COPY_PHASE_STRIP = NO;
				DEBUG_INFORMATION_FORMAT = dwarf;
				ENABLE_STRICT_OBJC_MSGSEND = YES;
				ENABLE_TESTABILITY = YES;
				GCC_C_LANGUAGE_STANDARD = gnu11;
				GCC_DYNAMIC_NO_PIC = NO;
				GCC_NO_COMMON_BLOCKS = YES;
				GCC_OPTIMIZATION_LEVEL = 0;
				GCC_PREPROCESSOR_DEFINITIONS = (
					"DEBUG=1",
					"$(inherited)",
				);
				GCC_WARN_64_TO_32_BIT_CONVERSION = YES;
				GCC_WARN_ABOUT_RETURN_TYPE = YES_ERROR;
				GCC_WARN_UNDECLARED_SELECTOR = YES;
				GCC_WARN_UNINITIALIZED_AUTOS = YES_AGGRESSIVE;
				GCC_WARN_UNUSED_FUNCTION = YES;
				GCC_WARN_UNUSED_VARIABLE = YES;
				IPHONEOS_DEPLOYMENT_TARGET = 15.5;
				MTL_ENABLE_DEBUG_INFO = INCLUDE_SOURCE;
				MTL_FAST_MATH = YES;
				ONLY_ACTIVE_ARCH = YES;
				SDKROOT = iphoneos;
				SWIFT_ACTIVE_COMPILATION_CONDITIONS = DEBUG;
				SWIFT_OPTIMIZATION_LEVEL = "-Onone";
			};
			name = Debug;
		};
		635E566428778B0E00246F6A /* Release */ = {
			isa = XCBuildConfiguration;
			buildSettings = {
				ALWAYS_SEARCH_USER_PATHS = NO;
				CLANG_ANALYZER_NONNULL = YES;
				CLANG_ANALYZER_NUMBER_OBJECT_CONVERSION = YES_AGGRESSIVE;
				CLANG_CXX_LANGUAGE_STANDARD = "gnu++17";
				CLANG_ENABLE_MODULES = YES;
				CLANG_ENABLE_OBJC_ARC = YES;
				CLANG_ENABLE_OBJC_WEAK = YES;
				CLANG_WARN_BLOCK_CAPTURE_AUTORELEASING = YES;
				CLANG_WARN_BOOL_CONVERSION = YES;
				CLANG_WARN_COMMA = YES;
				CLANG_WARN_CONSTANT_CONVERSION = YES;
				CLANG_WARN_DEPRECATED_OBJC_IMPLEMENTATIONS = YES;
				CLANG_WARN_DIRECT_OBJC_ISA_USAGE = YES_ERROR;
				CLANG_WARN_DOCUMENTATION_COMMENTS = YES;
				CLANG_WARN_EMPTY_BODY = YES;
				CLANG_WARN_ENUM_CONVERSION = YES;
				CLANG_WARN_INFINITE_RECURSION = YES;
				CLANG_WARN_INT_CONVERSION = YES;
				CLANG_WARN_NON_LITERAL_NULL_CONVERSION = YES;
				CLANG_WARN_OBJC_IMPLICIT_RETAIN_SELF = YES;
				CLANG_WARN_OBJC_LITERAL_CONVERSION = YES;
				CLANG_WARN_OBJC_ROOT_CLASS = YES_ERROR;
				CLANG_WARN_QUOTED_INCLUDE_IN_FRAMEWORK_HEADER = YES;
				CLANG_WARN_RANGE_LOOP_ANALYSIS = YES;
				CLANG_WARN_STRICT_PROTOTYPES = YES;
				CLANG_WARN_SUSPICIOUS_MOVE = YES;
				CLANG_WARN_UNGUARDED_AVAILABILITY = YES_AGGRESSIVE;
				CLANG_WARN_UNREACHABLE_CODE = YES;
				CLANG_WARN__DUPLICATE_METHOD_MATCH = YES;
				COPY_PHASE_STRIP = NO;
				DEBUG_INFORMATION_FORMAT = "dwarf-with-dsym";
				ENABLE_NS_ASSERTIONS = NO;
				ENABLE_STRICT_OBJC_MSGSEND = YES;
				GCC_C_LANGUAGE_STANDARD = gnu11;
				GCC_NO_COMMON_BLOCKS = YES;
				GCC_WARN_64_TO_32_BIT_CONVERSION = YES;
				GCC_WARN_ABOUT_RETURN_TYPE = YES_ERROR;
				GCC_WARN_UNDECLARED_SELECTOR = YES;
				GCC_WARN_UNINITIALIZED_AUTOS = YES_AGGRESSIVE;
				GCC_WARN_UNUSED_FUNCTION = YES;
				GCC_WARN_UNUSED_VARIABLE = YES;
				IPHONEOS_DEPLOYMENT_TARGET = 15.5;
				MTL_ENABLE_DEBUG_INFO = NO;
				MTL_FAST_MATH = YES;
				SDKROOT = iphoneos;
				SWIFT_COMPILATION_MODE = wholemodule;
				SWIFT_OPTIMIZATION_LEVEL = "-O";
				VALIDATE_PRODUCT = YES;
			};
			name = Release;
		};
		635E566628778B0E00246F6A /* Debug */ = {
			isa = XCBuildConfiguration;
			baseConfigurationReference = C964A72A62FE4B9F4FC959A8 /* Pods-RileySpeechToText.debug.xcconfig */;
			buildSettings = {
				ASSETCATALOG_COMPILER_APPICON_NAME = AppIcon;
				ASSETCATALOG_COMPILER_GLOBAL_ACCENT_COLOR_NAME = AccentColor;
				CODE_SIGN_STYLE = Automatic;
				CURRENT_PROJECT_VERSION = 1;
				DEVELOPMENT_TEAM = V29YNYM242;
				GENERATE_INFOPLIST_FILE = YES;
				INFOPLIST_FILE = RileySpeechToText/Info.plist;
				INFOPLIST_KEY_UIApplicationSupportsIndirectInputEvents = YES;
				INFOPLIST_KEY_UILaunchStoryboardName = LaunchScreen;
				INFOPLIST_KEY_UIMainStoryboardFile = Main;
				INFOPLIST_KEY_UISupportedInterfaceOrientations_iPad = "UIInterfaceOrientationPortrait UIInterfaceOrientationPortraitUpsideDown UIInterfaceOrientationLandscapeLeft UIInterfaceOrientationLandscapeRight";
				INFOPLIST_KEY_UISupportedInterfaceOrientations_iPhone = "UIInterfaceOrientationPortrait UIInterfaceOrientationLandscapeLeft UIInterfaceOrientationLandscapeRight";
				LD_RUNPATH_SEARCH_PATHS = (
					"$(inherited)",
					"@executable_path/Frameworks",
				);
				MARKETING_VERSION = 1.0;
				PRODUCT_BUNDLE_IDENTIFIER = com.burgersonbrioche.RileySpeechToText;
				PRODUCT_NAME = "$(TARGET_NAME)";
				SWIFT_EMIT_LOC_STRINGS = YES;
				SWIFT_VERSION = 5.0;
				TARGETED_DEVICE_FAMILY = "1,2";
			};
			name = Debug;
		};
		635E566728778B0E00246F6A /* Release */ = {
			isa = XCBuildConfiguration;
			baseConfigurationReference = AF0C3BDDAC9535A875B21FDD /* Pods-RileySpeechToText.release.xcconfig */;
			buildSettings = {
				ASSETCATALOG_COMPILER_APPICON_NAME = AppIcon;
				ASSETCATALOG_COMPILER_GLOBAL_ACCENT_COLOR_NAME = AccentColor;
				CODE_SIGN_STYLE = Automatic;
				CURRENT_PROJECT_VERSION = 1;
				DEVELOPMENT_TEAM = V29YNYM242;
				GENERATE_INFOPLIST_FILE = YES;
				INFOPLIST_FILE = RileySpeechToText/Info.plist;
				INFOPLIST_KEY_UIApplicationSupportsIndirectInputEvents = YES;
				INFOPLIST_KEY_UILaunchStoryboardName = LaunchScreen;
				INFOPLIST_KEY_UIMainStoryboardFile = Main;
				INFOPLIST_KEY_UISupportedInterfaceOrientations_iPad = "UIInterfaceOrientationPortrait UIInterfaceOrientationPortraitUpsideDown UIInterfaceOrientationLandscapeLeft UIInterfaceOrientationLandscapeRight";
				INFOPLIST_KEY_UISupportedInterfaceOrientations_iPhone = "UIInterfaceOrientationPortrait UIInterfaceOrientationLandscapeLeft UIInterfaceOrientationLandscapeRight";
				LD_RUNPATH_SEARCH_PATHS = (
					"$(inherited)",
					"@executable_path/Frameworks",
				);
				MARKETING_VERSION = 1.0;
				PRODUCT_BUNDLE_IDENTIFIER = com.burgersonbrioche.RileySpeechToText;
				PRODUCT_NAME = "$(TARGET_NAME)";
				SWIFT_EMIT_LOC_STRINGS = YES;
				SWIFT_VERSION = 5.0;
				TARGETED_DEVICE_FAMILY = "1,2";
			};
			name = Release;
		};
		635E566928778B0E00246F6A /* Debug */ = {
			isa = XCBuildConfiguration;
			baseConfigurationReference = CB9911F53D7D84CCCFC2D8CD /* Pods-RileySpeechToTextTests.debug.xcconfig */;
			buildSettings = {
				ALWAYS_EMBED_SWIFT_STANDARD_LIBRARIES = YES;
				BUNDLE_LOADER = "$(TEST_HOST)";
				CODE_SIGN_STYLE = Automatic;
				CURRENT_PROJECT_VERSION = 1;
				DEVELOPMENT_TEAM = 7BU28QED3L;
				GENERATE_INFOPLIST_FILE = YES;
				IPHONEOS_DEPLOYMENT_TARGET = 15.5;
				MARKETING_VERSION = 1.0;
				PRODUCT_BUNDLE_IDENTIFIER = com.burgersonbrioche.RileySpeechToTextTests;
				PRODUCT_NAME = "$(TARGET_NAME)";
				SWIFT_EMIT_LOC_STRINGS = NO;
				SWIFT_VERSION = 5.0;
				TARGETED_DEVICE_FAMILY = "1,2";
				TEST_HOST = "$(BUILT_PRODUCTS_DIR)/RileySpeechToText.app/RileySpeechToText";
			};
			name = Debug;
		};
		635E566A28778B0E00246F6A /* Release */ = {
			isa = XCBuildConfiguration;
			baseConfigurationReference = A011B1B4BF834555163E87F5 /* Pods-RileySpeechToTextTests.release.xcconfig */;
			buildSettings = {
				ALWAYS_EMBED_SWIFT_STANDARD_LIBRARIES = YES;
				BUNDLE_LOADER = "$(TEST_HOST)";
				CODE_SIGN_STYLE = Automatic;
				CURRENT_PROJECT_VERSION = 1;
				DEVELOPMENT_TEAM = 7BU28QED3L;
				GENERATE_INFOPLIST_FILE = YES;
				IPHONEOS_DEPLOYMENT_TARGET = 15.5;
				MARKETING_VERSION = 1.0;
				PRODUCT_BUNDLE_IDENTIFIER = com.burgersonbrioche.RileySpeechToTextTests;
				PRODUCT_NAME = "$(TARGET_NAME)";
				SWIFT_EMIT_LOC_STRINGS = NO;
				SWIFT_VERSION = 5.0;
				TARGETED_DEVICE_FAMILY = "1,2";
				TEST_HOST = "$(BUILT_PRODUCTS_DIR)/RileySpeechToText.app/RileySpeechToText";
			};
			name = Release;
		};
		635E566C28778B0E00246F6A /* Debug */ = {
			isa = XCBuildConfiguration;
			baseConfigurationReference = F0A00D9B1E55481D15EF7879 /* Pods-RileySpeechToText-RileySpeechToTextUITests.debug.xcconfig */;
			buildSettings = {
				ALWAYS_EMBED_SWIFT_STANDARD_LIBRARIES = YES;
				CODE_SIGN_STYLE = Automatic;
				CURRENT_PROJECT_VERSION = 1;
				DEVELOPMENT_TEAM = 7BU28QED3L;
				GENERATE_INFOPLIST_FILE = YES;
				MARKETING_VERSION = 1.0;
				PRODUCT_BUNDLE_IDENTIFIER = com.burgersonbrioche.RileySpeechToTextUITests;
				PRODUCT_NAME = "$(TARGET_NAME)";
				SWIFT_EMIT_LOC_STRINGS = NO;
				SWIFT_VERSION = 5.0;
				TARGETED_DEVICE_FAMILY = "1,2";
				TEST_TARGET_NAME = RileySpeechToText;
			};
			name = Debug;
		};
		635E566D28778B0E00246F6A /* Release */ = {
			isa = XCBuildConfiguration;
			baseConfigurationReference = 417FE5CBCAD72D17DF5B408B /* Pods-RileySpeechToText-RileySpeechToTextUITests.release.xcconfig */;
			buildSettings = {
				ALWAYS_EMBED_SWIFT_STANDARD_LIBRARIES = YES;
				CODE_SIGN_STYLE = Automatic;
				CURRENT_PROJECT_VERSION = 1;
				DEVELOPMENT_TEAM = 7BU28QED3L;
				GENERATE_INFOPLIST_FILE = YES;
				MARKETING_VERSION = 1.0;
				PRODUCT_BUNDLE_IDENTIFIER = com.burgersonbrioche.RileySpeechToTextUITests;
				PRODUCT_NAME = "$(TARGET_NAME)";
				SWIFT_EMIT_LOC_STRINGS = NO;
				SWIFT_VERSION = 5.0;
				TARGETED_DEVICE_FAMILY = "1,2";
				TEST_TARGET_NAME = RileySpeechToText;
			};
			name = Release;
		};
/* End XCBuildConfiguration section */

/* Begin XCConfigurationList section */
		635E563628778B0C00246F6A /* Build configuration list for PBXProject "RileySpeechToText" */ = {
			isa = XCConfigurationList;
			buildConfigurations = (
				635E566328778B0E00246F6A /* Debug */,
				635E566428778B0E00246F6A /* Release */,
			);
			defaultConfigurationIsVisible = 0;
			defaultConfigurationName = Release;
		};
		635E566528778B0E00246F6A /* Build configuration list for PBXNativeTarget "RileySpeechToText" */ = {
			isa = XCConfigurationList;
			buildConfigurations = (
				635E566628778B0E00246F6A /* Debug */,
				635E566728778B0E00246F6A /* Release */,
			);
			defaultConfigurationIsVisible = 0;
			defaultConfigurationName = Release;
		};
		635E566828778B0E00246F6A /* Build configuration list for PBXNativeTarget "RileySpeechToTextTests" */ = {
			isa = XCConfigurationList;
			buildConfigurations = (
				635E566928778B0E00246F6A /* Debug */,
				635E566A28778B0E00246F6A /* Release */,
			);
			defaultConfigurationIsVisible = 0;
			defaultConfigurationName = Release;
		};
		635E566B28778B0E00246F6A /* Build configuration list for PBXNativeTarget "RileySpeechToTextUITests" */ = {
			isa = XCConfigurationList;
			buildConfigurations = (
				635E566C28778B0E00246F6A /* Debug */,
				635E566D28778B0E00246F6A /* Release */,
			);
			defaultConfigurationIsVisible = 0;
			defaultConfigurationName = Release;
		};
/* End XCConfigurationList section */
	};
	rootObject = 635E563328778B0C00246F6A /* Project object */;
}
